// !$*UTF8*$!
{
	archiveVersion = 1;
	classes = {
	};
	objectVersion = 51;
	objects = {

/* Begin PBXBuildFile section */
		2D7701F51F752C0A666C0351 /* Pods_CurrencyConverter.framework in Frameworks */ = {isa = PBXBuildFile; fileRef = A88FE12966362BE2301C85CB /* Pods_CurrencyConverter.framework */; };
		F67230E6244D2F85006B14BF /* EnviromentManager.swift in Sources */ = {isa = PBXBuildFile; fileRef = F67230E5244D2F85006B14BF /* EnviromentManager.swift */; };
		F67230EA244D505F006B14BF /* BaseViewController.swift in Sources */ = {isa = PBXBuildFile; fileRef = F67230E9244D505F006B14BF /* BaseViewController.swift */; };
		F67230EC244D50E3006B14BF /* BaseViewModel.swift in Sources */ = {isa = PBXBuildFile; fileRef = F67230EB244D50E3006B14BF /* BaseViewModel.swift */; };
		F67230F0244D5163006B14BF /* SharedEnums.swift in Sources */ = {isa = PBXBuildFile; fileRef = F67230EF244D5163006B14BF /* SharedEnums.swift */; };
		F67230F7244D597F006B14BF /* EmptyStateView.xib in Resources */ = {isa = PBXBuildFile; fileRef = F67230F3244D597F006B14BF /* EmptyStateView.xib */; };
		F67230F8244D597F006B14BF /* EmptyStateView.swift in Sources */ = {isa = PBXBuildFile; fileRef = F67230F4244D597F006B14BF /* EmptyStateView.swift */; };
		F67230F9244D597F006B14BF /* EmptyStateViewModel.swift in Sources */ = {isa = PBXBuildFile; fileRef = F67230F6244D597F006B14BF /* EmptyStateViewModel.swift */; };
		F6DFAB2F244D28E000E972E8 /* AppDelegate.swift in Sources */ = {isa = PBXBuildFile; fileRef = F6DFAB2E244D28E000E972E8 /* AppDelegate.swift */; };
		F6DFAB31244D28E000E972E8 /* SceneDelegate.swift in Sources */ = {isa = PBXBuildFile; fileRef = F6DFAB30244D28E000E972E8 /* SceneDelegate.swift */; };
		F6DFAB38244D28E100E972E8 /* Assets.xcassets in Resources */ = {isa = PBXBuildFile; fileRef = F6DFAB37244D28E100E972E8 /* Assets.xcassets */; };
		F6DFAB3B244D28E100E972E8 /* LaunchScreen.storyboard in Resources */ = {isa = PBXBuildFile; fileRef = F6DFAB39244D28E100E972E8 /* LaunchScreen.storyboard */; };
		F6DFAB4A244D2E7D00E972E8 /* BaseRouter.swift in Sources */ = {isa = PBXBuildFile; fileRef = F6DFAB49244D2E7D00E972E8 /* BaseRouter.swift */; };
		F6DFAB4C244D2E8600E972E8 /* BaseNetworkManager.swift in Sources */ = {isa = PBXBuildFile; fileRef = F6DFAB4B244D2E8600E972E8 /* BaseNetworkManager.swift */; };
/* End PBXBuildFile section */

/* Begin PBXFileReference section */
		16185759E639FF99CCCA44A7 /* Pods-CurrencyConverter.debug.xcconfig */ = {isa = PBXFileReference; includeInIndex = 1; lastKnownFileType = text.xcconfig; name = "Pods-CurrencyConverter.debug.xcconfig"; path = "Target Support Files/Pods-CurrencyConverter/Pods-CurrencyConverter.debug.xcconfig"; sourceTree = "<group>"; };
		540F21EFDDEC1DB261D71F0F /* Pods-CurrencyConverter.release.xcconfig */ = {isa = PBXFileReference; includeInIndex = 1; lastKnownFileType = text.xcconfig; name = "Pods-CurrencyConverter.release.xcconfig"; path = "Target Support Files/Pods-CurrencyConverter/Pods-CurrencyConverter.release.xcconfig"; sourceTree = "<group>"; };
		A88FE12966362BE2301C85CB /* Pods_CurrencyConverter.framework */ = {isa = PBXFileReference; explicitFileType = wrapper.framework; includeInIndex = 0; path = Pods_CurrencyConverter.framework; sourceTree = BUILT_PRODUCTS_DIR; };
		F67230E5244D2F85006B14BF /* EnviromentManager.swift */ = {isa = PBXFileReference; lastKnownFileType = sourcecode.swift; path = EnviromentManager.swift; sourceTree = "<group>"; };
		F67230E9244D505F006B14BF /* BaseViewController.swift */ = {isa = PBXFileReference; lastKnownFileType = sourcecode.swift; path = BaseViewController.swift; sourceTree = "<group>"; };
		F67230EB244D50E3006B14BF /* BaseViewModel.swift */ = {isa = PBXFileReference; lastKnownFileType = sourcecode.swift; path = BaseViewModel.swift; sourceTree = "<group>"; };
		F67230EF244D5163006B14BF /* SharedEnums.swift */ = {isa = PBXFileReference; lastKnownFileType = sourcecode.swift; path = SharedEnums.swift; sourceTree = "<group>"; };
		F67230F3244D597F006B14BF /* EmptyStateView.xib */ = {isa = PBXFileReference; fileEncoding = 4; lastKnownFileType = file.xib; path = EmptyStateView.xib; sourceTree = "<group>"; };
		F67230F4244D597F006B14BF /* EmptyStateView.swift */ = {isa = PBXFileReference; fileEncoding = 4; lastKnownFileType = sourcecode.swift; path = EmptyStateView.swift; sourceTree = "<group>"; };
		F67230F6244D597F006B14BF /* EmptyStateViewModel.swift */ = {isa = PBXFileReference; fileEncoding = 4; lastKnownFileType = sourcecode.swift; path = EmptyStateViewModel.swift; sourceTree = "<group>"; };
		F6DFAB2B244D28E000E972E8 /* CurrencyConverter.app */ = {isa = PBXFileReference; explicitFileType = wrapper.application; includeInIndex = 0; path = CurrencyConverter.app; sourceTree = BUILT_PRODUCTS_DIR; };
		F6DFAB2E244D28E000E972E8 /* AppDelegate.swift */ = {isa = PBXFileReference; lastKnownFileType = sourcecode.swift; path = AppDelegate.swift; sourceTree = "<group>"; };
		F6DFAB30244D28E000E972E8 /* SceneDelegate.swift */ = {isa = PBXFileReference; lastKnownFileType = sourcecode.swift; path = SceneDelegate.swift; sourceTree = "<group>"; };
		F6DFAB37244D28E100E972E8 /* Assets.xcassets */ = {isa = PBXFileReference; lastKnownFileType = folder.assetcatalog; path = Assets.xcassets; sourceTree = "<group>"; };
		F6DFAB3A244D28E100E972E8 /* Base */ = {isa = PBXFileReference; lastKnownFileType = file.storyboard; name = Base; path = Base.lproj/LaunchScreen.storyboard; sourceTree = "<group>"; };
		F6DFAB3C244D28E100E972E8 /* Info.plist */ = {isa = PBXFileReference; lastKnownFileType = text.plist.xml; path = Info.plist; sourceTree = "<group>"; };
		F6DFAB49244D2E7D00E972E8 /* BaseRouter.swift */ = {isa = PBXFileReference; lastKnownFileType = sourcecode.swift; path = BaseRouter.swift; sourceTree = "<group>"; };
		F6DFAB4B244D2E8600E972E8 /* BaseNetworkManager.swift */ = {isa = PBXFileReference; lastKnownFileType = sourcecode.swift; path = BaseNetworkManager.swift; sourceTree = "<group>"; };
/* End PBXFileReference section */

/* Begin PBXFrameworksBuildPhase section */
		F6DFAB28244D28E000E972E8 /* Frameworks */ = {
			isa = PBXFrameworksBuildPhase;
			buildActionMask = 2147483647;
			files = (
				2D7701F51F752C0A666C0351 /* Pods_CurrencyConverter.framework in Frameworks */,
			);
			runOnlyForDeploymentPostprocessing = 0;
		};
/* End PBXFrameworksBuildPhase section */

/* Begin PBXGroup section */
		BF4B8B28F135D51D310B65F7 /* Frameworks */ = {
			isa = PBXGroup;
			children = (
				A88FE12966362BE2301C85CB /* Pods_CurrencyConverter.framework */,
			);
			name = Frameworks;
			sourceTree = "<group>";
		};
		EA97E5716BE933F0ACC55830 /* Pods */ = {
			isa = PBXGroup;
			children = (
				16185759E639FF99CCCA44A7 /* Pods-CurrencyConverter.debug.xcconfig */,
				540F21EFDDEC1DB261D71F0F /* Pods-CurrencyConverter.release.xcconfig */,
			);
			path = Pods;
			sourceTree = "<group>";
		};
		F67230E4244D2F73006B14BF /* Helpers */ = {
			isa = PBXGroup;
			children = (
				F67230F1244D517E006B14BF /* EmptyState */,
				F67230EE244D514A006B14BF /* Enums */,
				F67230ED244D513D006B14BF /* EnviromentManager */,
			);
			path = Helpers;
			sourceTree = "<group>";
		};
		F67230ED244D513D006B14BF /* EnviromentManager */ = {
			isa = PBXGroup;
			children = (
				F67230E5244D2F85006B14BF /* EnviromentManager.swift */,
			);
			path = EnviromentManager;
			sourceTree = "<group>";
		};
		F67230EE244D514A006B14BF /* Enums */ = {
			isa = PBXGroup;
			children = (
				F67230EF244D5163006B14BF /* SharedEnums.swift */,
			);
			path = Enums;
			sourceTree = "<group>";
		};
		F67230F1244D517E006B14BF /* EmptyState */ = {
			isa = PBXGroup;
			children = (
				F67230F2244D597F006B14BF /* EmptyStateView */,
				F67230F5244D597F006B14BF /* EmptyStateViewModel */,
			);
			path = EmptyState;
			sourceTree = "<group>";
		};
		F67230F2244D597F006B14BF /* EmptyStateView */ = {
			isa = PBXGroup;
			children = (
				F67230F3244D597F006B14BF /* EmptyStateView.xib */,
				F67230F4244D597F006B14BF /* EmptyStateView.swift */,
			);
			path = EmptyStateView;
			sourceTree = "<group>";
		};
		F67230F5244D597F006B14BF /* EmptyStateViewModel */ = {
			isa = PBXGroup;
			children = (
				F67230F6244D597F006B14BF /* EmptyStateViewModel.swift */,
			);
			path = EmptyStateViewModel;
			sourceTree = "<group>";
		};
		F6DFAB22244D28E000E972E8 = {
			isa = PBXGroup;
			children = (
				F6DFAB2D244D28E000E972E8 /* CurrencyConverter */,
				F6DFAB2C244D28E000E972E8 /* Products */,
				EA97E5716BE933F0ACC55830 /* Pods */,
				BF4B8B28F135D51D310B65F7 /* Frameworks */,
			);
			sourceTree = "<group>";
		};
		F6DFAB2C244D28E000E972E8 /* Products */ = {
			isa = PBXGroup;
			children = (
				F6DFAB2B244D28E000E972E8 /* CurrencyConverter.app */,
			);
			name = Products;
			sourceTree = "<group>";
		};
		F6DFAB2D244D28E000E972E8 /* CurrencyConverter */ = {
			isa = PBXGroup;
			children = (
				F67230E4244D2F73006B14BF /* Helpers */,
				F6DFAB44244D2DC000E972E8 /* Modules */,
				F6DFAB43244D2DB100E972E8 /*  Model Layer */,
				F6DFAB2E244D28E000E972E8 /* AppDelegate.swift */,
				F6DFAB30244D28E000E972E8 /* SceneDelegate.swift */,
				F6DFAB37244D28E100E972E8 /* Assets.xcassets */,
				F6DFAB39244D28E100E972E8 /* LaunchScreen.storyboard */,
				F6DFAB3C244D28E100E972E8 /* Info.plist */,
			);
			path = CurrencyConverter;
			sourceTree = "<group>";
		};
		F6DFAB42244D2DA200E972E8 /* Base */ = {
			isa = PBXGroup;
			children = (
				F67230E9244D505F006B14BF /* BaseViewController.swift */,
				F67230EB244D50E3006B14BF /* BaseViewModel.swift */,
			);
			path = Base;
			sourceTree = "<group>";
		};
		F6DFAB43244D2DB100E972E8 /*  Model Layer */ = {
			isa = PBXGroup;
			children = (
				F6DFAB48244D2E0B00E972E8 /* Router */,
				F6DFAB47244D2E0000E972E8 /* Managers */,
				F6DFAB46244D2DF600E972E8 /* Models */,
			);
			path = " Model Layer";
			sourceTree = "<group>";
		};
		F6DFAB44244D2DC000E972E8 /* Modules */ = {
			isa = PBXGroup;
			children = (
				F6DFAB42244D2DA200E972E8 /* Base */,
			);
			path = Modules;
			sourceTree = "<group>";
		};
		F6DFAB46244D2DF600E972E8 /* Models */ = {
			isa = PBXGroup;
			children = (
			);
			path = Models;
			sourceTree = "<group>";
		};
		F6DFAB47244D2E0000E972E8 /* Managers */ = {
			isa = PBXGroup;
			children = (
				F6DFAB4B244D2E8600E972E8 /* BaseNetworkManager.swift */,
			);
			path = Managers;
			sourceTree = "<group>";
		};
		F6DFAB48244D2E0B00E972E8 /* Router */ = {
			isa = PBXGroup;
			children = (
				F6DFAB49244D2E7D00E972E8 /* BaseRouter.swift */,
			);
			path = Router;
			sourceTree = "<group>";
		};
/* End PBXGroup section */

/* Begin PBXNativeTarget section */
		F6DFAB2A244D28E000E972E8 /* CurrencyConverter */ = {
			isa = PBXNativeTarget;
			buildConfigurationList = F6DFAB3F244D28E100E972E8 /* Build configuration list for PBXNativeTarget "CurrencyConverter" */;
			buildPhases = (
				ACD110D1D181A11A5F634203 /* [CP] Check Pods Manifest.lock */,
				F6DFAB27244D28E000E972E8 /* Sources */,
				F6DFAB28244D28E000E972E8 /* Frameworks */,
				F6DFAB29244D28E000E972E8 /* Resources */,
				B9B4BDBA67DB5DC871B8A343 /* [CP] Embed Pods Frameworks */,
			);
			buildRules = (
			);
			dependencies = (
			);
			name = CurrencyConverter;
			productName = CurrencyConverter;
			productReference = F6DFAB2B244D28E000E972E8 /* CurrencyConverter.app */;
			productType = "com.apple.product-type.application";
		};
/* End PBXNativeTarget section */

/* Begin PBXProject section */
		F6DFAB23244D28E000E972E8 /* Project object */ = {
			isa = PBXProject;
			attributes = {
				LastSwiftUpdateCheck = 1130;
				LastUpgradeCheck = 1130;
				ORGANIZATIONNAME = "Mohamed Abd el-latef";
				TargetAttributes = {
					F6DFAB2A244D28E000E972E8 = {
						CreatedOnToolsVersion = 11.3;
					};
				};
			};
			buildConfigurationList = F6DFAB26244D28E000E972E8 /* Build configuration list for PBXProject "CurrencyConverter" */;
			compatibilityVersion = "Xcode 9.3";
			developmentRegion = en;
			hasScannedForEncodings = 0;
			knownRegions = (
				en,
				Base,
			);
			mainGroup = F6DFAB22244D28E000E972E8;
			productRefGroup = F6DFAB2C244D28E000E972E8 /* Products */;
			projectDirPath = "";
			projectRoot = "";
			targets = (
				F6DFAB2A244D28E000E972E8 /* CurrencyConverter */,
			);
		};
/* End PBXProject section */

/* Begin PBXResourcesBuildPhase section */
		F6DFAB29244D28E000E972E8 /* Resources */ = {
			isa = PBXResourcesBuildPhase;
			buildActionMask = 2147483647;
			files = (
				F67230F7244D597F006B14BF /* EmptyStateView.xib in Resources */,
				F6DFAB3B244D28E100E972E8 /* LaunchScreen.storyboard in Resources */,
				F6DFAB38244D28E100E972E8 /* Assets.xcassets in Resources */,
			);
			runOnlyForDeploymentPostprocessing = 0;
		};
/* End PBXResourcesBuildPhase section */

/* Begin PBXShellScriptBuildPhase section */
		ACD110D1D181A11A5F634203 /* [CP] Check Pods Manifest.lock */ = {
			isa = PBXShellScriptBuildPhase;
			buildActionMask = 2147483647;
			files = (
			);
			inputFileListPaths = (
			);
			inputPaths = (
				"${PODS_PODFILE_DIR_PATH}/Podfile.lock",
				"${PODS_ROOT}/Manifest.lock",
			);
			name = "[CP] Check Pods Manifest.lock";
			outputFileListPaths = (
			);
			outputPaths = (
				"$(DERIVED_FILE_DIR)/Pods-CurrencyConverter-checkManifestLockResult.txt",
			);
			runOnlyForDeploymentPostprocessing = 0;
			shellPath = /bin/sh;
			shellScript = "diff \"${PODS_PODFILE_DIR_PATH}/Podfile.lock\" \"${PODS_ROOT}/Manifest.lock\" > /dev/null\nif [ $? != 0 ] ; then\n    # print error to STDERR\n    echo \"error: The sandbox is not in sync with the Podfile.lock. Run 'pod install' or update your CocoaPods installation.\" >&2\n    exit 1\nfi\n# This output is used by Xcode 'outputs' to avoid re-running this script phase.\necho \"SUCCESS\" > \"${SCRIPT_OUTPUT_FILE_0}\"\n";
			showEnvVarsInLog = 0;
		};
		B9B4BDBA67DB5DC871B8A343 /* [CP] Embed Pods Frameworks */ = {
			isa = PBXShellScriptBuildPhase;
			buildActionMask = 2147483647;
			files = (
			);
			inputFileListPaths = (
				"${PODS_ROOT}/Target Support Files/Pods-CurrencyConverter/Pods-CurrencyConverter-frameworks-${CONFIGURATION}-input-files.xcfilelist",
			);
			name = "[CP] Embed Pods Frameworks";
			outputFileListPaths = (
				"${PODS_ROOT}/Target Support Files/Pods-CurrencyConverter/Pods-CurrencyConverter-frameworks-${CONFIGURATION}-output-files.xcfilelist",
			);
			runOnlyForDeploymentPostprocessing = 0;
			shellPath = /bin/sh;
			shellScript = "\"${PODS_ROOT}/Target Support Files/Pods-CurrencyConverter/Pods-CurrencyConverter-frameworks.sh\"\n";
			showEnvVarsInLog = 0;
		};
/* End PBXShellScriptBuildPhase section */

/* Begin PBXSourcesBuildPhase section */
		F6DFAB27244D28E000E972E8 /* Sources */ = {
			isa = PBXSourcesBuildPhase;
			buildActionMask = 2147483647;
			files = (
				F67230F9244D597F006B14BF /* EmptyStateViewModel.swift in Sources */,
				F67230F8244D597F006B14BF /* EmptyStateView.swift in Sources */,
				F6DFAB2F244D28E000E972E8 /* AppDelegate.swift in Sources */,
				F6DFAB4A244D2E7D00E972E8 /* BaseRouter.swift in Sources */,
				F6DFAB31244D28E000E972E8 /* SceneDelegate.swift in Sources */,
				F67230F0244D5163006B14BF /* SharedEnums.swift in Sources */,
				F67230EC244D50E3006B14BF /* BaseViewModel.swift in Sources */,
				F67230E6244D2F85006B14BF /* EnviromentManager.swift in Sources */,
				F6DFAB4C244D2E8600E972E8 /* BaseNetworkManager.swift in Sources */,
				F67230EA244D505F006B14BF /* BaseViewController.swift in Sources */,
			);
			runOnlyForDeploymentPostprocessing = 0;
		};
/* End PBXSourcesBuildPhase section */

/* Begin PBXVariantGroup section */
		F6DFAB39244D28E100E972E8 /* LaunchScreen.storyboard */ = {
			isa = PBXVariantGroup;
			children = (
				F6DFAB3A244D28E100E972E8 /* Base */,
			);
			name = LaunchScreen.storyboard;
			sourceTree = "<group>";
		};
/* End PBXVariantGroup section */

/* Begin XCBuildConfiguration section */
		F6DFAB3D244D28E100E972E8 /* Debug */ = {
			isa = XCBuildConfiguration;
			buildSettings = {
				ALWAYS_SEARCH_USER_PATHS = NO;
				CLANG_ANALYZER_NONNULL = YES;
				CLANG_ANALYZER_NUMBER_OBJECT_CONVERSION = YES_AGGRESSIVE;
				CLANG_CXX_LANGUAGE_STANDARD = "gnu++14";
				CLANG_CXX_LIBRARY = "libc++";
				CLANG_ENABLE_MODULES = YES;
				CLANG_ENABLE_OBJC_ARC = YES;
				CLANG_ENABLE_OBJC_WEAK = YES;
				CLANG_WARN_BLOCK_CAPTURE_AUTORELEASING = YES;
				CLANG_WARN_BOOL_CONVERSION = YES;
				CLANG_WARN_COMMA = YES;
				CLANG_WARN_CONSTANT_CONVERSION = YES;
				CLANG_WARN_DEPRECATED_OBJC_IMPLEMENTATIONS = YES;
				CLANG_WARN_DIRECT_OBJC_ISA_USAGE = YES_ERROR;
				CLANG_WARN_DOCUMENTATION_COMMENTS = YES;
				CLANG_WARN_EMPTY_BODY = YES;
				CLANG_WARN_ENUM_CONVERSION = YES;
				CLANG_WARN_INFINITE_RECURSION = YES;
				CLANG_WARN_INT_CONVERSION = YES;
				CLANG_WARN_NON_LITERAL_NULL_CONVERSION = YES;
				CLANG_WARN_OBJC_IMPLICIT_RETAIN_SELF = YES;
				CLANG_WARN_OBJC_LITERAL_CONVERSION = YES;
				CLANG_WARN_OBJC_ROOT_CLASS = YES_ERROR;
				CLANG_WARN_RANGE_LOOP_ANALYSIS = YES;
				CLANG_WARN_STRICT_PROTOTYPES = YES;
				CLANG_WARN_SUSPICIOUS_MOVE = YES;
				CLANG_WARN_UNGUARDED_AVAILABILITY = YES_AGGRESSIVE;
				CLANG_WARN_UNREACHABLE_CODE = YES;
				CLANG_WARN__DUPLICATE_METHOD_MATCH = YES;
				COPY_PHASE_STRIP = NO;
				DEBUG_INFORMATION_FORMAT = dwarf;
				ENABLE_STRICT_OBJC_MSGSEND = YES;
				ENABLE_TESTABILITY = YES;
				GCC_C_LANGUAGE_STANDARD = gnu11;
				GCC_DYNAMIC_NO_PIC = NO;
				GCC_NO_COMMON_BLOCKS = YES;
				GCC_OPTIMIZATION_LEVEL = 0;
				GCC_PREPROCESSOR_DEFINITIONS = (
					"DEBUG=1",
					"$(inherited)",
				);
				GCC_WARN_64_TO_32_BIT_CONVERSION = YES;
				GCC_WARN_ABOUT_RETURN_TYPE = YES_ERROR;
				GCC_WARN_UNDECLARED_SELECTOR = YES;
				GCC_WARN_UNINITIALIZED_AUTOS = YES_AGGRESSIVE;
				GCC_WARN_UNUSED_FUNCTION = YES;
				GCC_WARN_UNUSED_VARIABLE = YES;
				IPHONEOS_DEPLOYMENT_TARGET = 13.2;
				MTL_ENABLE_DEBUG_INFO = INCLUDE_SOURCE;
				MTL_FAST_MATH = YES;
				ONLY_ACTIVE_ARCH = YES;
				SDKROOT = iphoneos;
				SWIFT_ACTIVE_COMPILATION_CONDITIONS = DEBUG;
				SWIFT_OPTIMIZATION_LEVEL = "-Onone";
			};
			name = Debug;
		};
		F6DFAB3E244D28E100E972E8 /* Release */ = {
			isa = XCBuildConfiguration;
			buildSettings = {
				ALWAYS_SEARCH_USER_PATHS = NO;
				CLANG_ANALYZER_NONNULL = YES;
				CLANG_ANALYZER_NUMBER_OBJECT_CONVERSION = YES_AGGRESSIVE;
				CLANG_CXX_LANGUAGE_STANDARD = "gnu++14";
				CLANG_CXX_LIBRARY = "libc++";
				CLANG_ENABLE_MODULES = YES;
				CLANG_ENABLE_OBJC_ARC = YES;
				CLANG_ENABLE_OBJC_WEAK = YES;
				CLANG_WARN_BLOCK_CAPTURE_AUTORELEASING = YES;
				CLANG_WARN_BOOL_CONVERSION = YES;
				CLANG_WARN_COMMA = YES;
				CLANG_WARN_CONSTANT_CONVERSION = YES;
				CLANG_WARN_DEPRECATED_OBJC_IMPLEMENTATIONS = YES;
				CLANG_WARN_DIRECT_OBJC_ISA_USAGE = YES_ERROR;
				CLANG_WARN_DOCUMENTATION_COMMENTS = YES;
				CLANG_WARN_EMPTY_BODY = YES;
				CLANG_WARN_ENUM_CONVERSION = YES;
				CLANG_WARN_INFINITE_RECURSION = YES;
				CLANG_WARN_INT_CONVERSION = YES;
				CLANG_WARN_NON_LITERAL_NULL_CONVERSION = YES;
				CLANG_WARN_OBJC_IMPLICIT_RETAIN_SELF = YES;
				CLANG_WARN_OBJC_LITERAL_CONVERSION = YES;
				CLANG_WARN_OBJC_ROOT_CLASS = YES_ERROR;
				CLANG_WARN_RANGE_LOOP_ANALYSIS = YES;
				CLANG_WARN_STRICT_PROTOTYPES = YES;
				CLANG_WARN_SUSPICIOUS_MOVE = YES;
				CLANG_WARN_UNGUARDED_AVAILABILITY = YES_AGGRESSIVE;
				CLANG_WARN_UNREACHABLE_CODE = YES;
				CLANG_WARN__DUPLICATE_METHOD_MATCH = YES;
				COPY_PHASE_STRIP = NO;
				DEBUG_INFORMATION_FORMAT = "dwarf-with-dsym";
				ENABLE_NS_ASSERTIONS = NO;
				ENABLE_STRICT_OBJC_MSGSEND = YES;
				GCC_C_LANGUAGE_STANDARD = gnu11;
				GCC_NO_COMMON_BLOCKS = YES;
				GCC_WARN_64_TO_32_BIT_CONVERSION = YES;
				GCC_WARN_ABOUT_RETURN_TYPE = YES_ERROR;
				GCC_WARN_UNDECLARED_SELECTOR = YES;
				GCC_WARN_UNINITIALIZED_AUTOS = YES_AGGRESSIVE;
				GCC_WARN_UNUSED_FUNCTION = YES;
				GCC_WARN_UNUSED_VARIABLE = YES;
				IPHONEOS_DEPLOYMENT_TARGET = 13.2;
				MTL_ENABLE_DEBUG_INFO = NO;
				MTL_FAST_MATH = YES;
				SDKROOT = iphoneos;
				SWIFT_COMPILATION_MODE = wholemodule;
				SWIFT_OPTIMIZATION_LEVEL = "-O";
				VALIDATE_PRODUCT = YES;
			};
			name = Release;
		};
		F6DFAB40244D28E100E972E8 /* Debug */ = {
			isa = XCBuildConfiguration;
			baseConfigurationReference = 16185759E639FF99CCCA44A7 /* Pods-CurrencyConverter.debug.xcconfig */;
			buildSettings = {
				ASSETCATALOG_COMPILER_APPICON_NAME = AppIcon;
				CODE_SIGN_STYLE = Automatic;
				INFOPLIST_FILE = CurrencyConverter/Info.plist;
				LD_RUNPATH_SEARCH_PATHS = (
					"$(inherited)",
					"@executable_path/Frameworks",
				);
				PRODUCT_BUNDLE_IDENTIFIER = Swenson.CurrencyConverter;
				PRODUCT_NAME = "$(TARGET_NAME)";
				SWIFT_VERSION = 5.0;
				TARGETED_DEVICE_FAMILY = "1,2";
			};
			name = Debug;
		};
		F6DFAB41244D28E100E972E8 /* Release */ = {
			isa = XCBuildConfiguration;
			baseConfigurationReference = 540F21EFDDEC1DB261D71F0F /* Pods-CurrencyConverter.release.xcconfig */;
			buildSettings = {
				ASSETCATALOG_COMPILER_APPICON_NAME = AppIcon;
				CODE_SIGN_STYLE = Automatic;
				INFOPLIST_FILE = CurrencyConverter/Info.plist;
				LD_RUNPATH_SEARCH_PATHS = (
					"$(inherited)",
					"@executable_path/Frameworks",
				);
				PRODUCT_BUNDLE_IDENTIFIER = Swenson.CurrencyConverter;
				PRODUCT_NAME = "$(TARGET_NAME)";
				SWIFT_VERSION = 5.0;
				TARGETED_DEVICE_FAMILY = "1,2";
			};
			name = Release;
		};
/* End XCBuildConfiguration section */

/* Begin XCConfigurationList section */
		F6DFAB26244D28E000E972E8 /* Build configuration list for PBXProject "CurrencyConverter" */ = {
			isa = XCConfigurationList;
			buildConfigurations = (
				F6DFAB3D244D28E100E972E8 /* Debug */,
				F6DFAB3E244D28E100E972E8 /* Release */,
			);
			defaultConfigurationIsVisible = 0;
			defaultConfigurationName = Release;
		};
		F6DFAB3F244D28E100E972E8 /* Build configuration list for PBXNativeTarget "CurrencyConverter" */ = {
			isa = XCConfigurationList;
			buildConfigurations = (
				F6DFAB40244D28E100E972E8 /* Debug */,
				F6DFAB41244D28E100E972E8 /* Release */,
			);
			defaultConfigurationIsVisible = 0;
			defaultConfigurationName = Release;
		};
/* End XCConfigurationList section */
	};
	rootObject = F6DFAB23244D28E000E972E8 /* Project object */;
}
