// !$*UTF8*$!
{
	archiveVersion = 1;
	classes = {
	};
	objectVersion = 51;
	objects = {

/* Begin PBXBuildFile section */
		2D7701F51F752C0A666C0351 /* Pods_CurrencyConverter.framework in Frameworks */ = {isa = PBXBuildFile; fileRef = A88FE12966362BE2301C85CB /* Pods_CurrencyConverter.framework */; };
		F6276CCA244E20E000CCAA62 /* Main.storyboard in Resources */ = {isa = PBXBuildFile; fileRef = F6276CC9244E20E000CCAA62 /* Main.storyboard */; };
		F67230E6244D2F85006B14BF /* EnviromentManager.swift in Sources */ = {isa = PBXBuildFile; fileRef = F67230E5244D2F85006B14BF /* EnviromentManager.swift */; };
		F67230EA244D505F006B14BF /* BaseViewController.swift in Sources */ = {isa = PBXBuildFile; fileRef = F67230E9244D505F006B14BF /* BaseViewController.swift */; };
		F67230EC244D50E3006B14BF /* BaseViewModel.swift in Sources */ = {isa = PBXBuildFile; fileRef = F67230EB244D50E3006B14BF /* BaseViewModel.swift */; };
		F67230F0244D5163006B14BF /* SharedEnums.swift in Sources */ = {isa = PBXBuildFile; fileRef = F67230EF244D5163006B14BF /* SharedEnums.swift */; };
		F67230F7244D597F006B14BF /* EmptyStateView.xib in Resources */ = {isa = PBXBuildFile; fileRef = F67230F3244D597F006B14BF /* EmptyStateView.xib */; };
		F67230F8244D597F006B14BF /* EmptyStateView.swift in Sources */ = {isa = PBXBuildFile; fileRef = F67230F4244D597F006B14BF /* EmptyStateView.swift */; };
		F67230F9244D597F006B14BF /* EmptyStateViewModel.swift in Sources */ = {isa = PBXBuildFile; fileRef = F67230F6244D597F006B14BF /* EmptyStateViewModel.swift */; };
		F67230FF244D64EA006B14BF /* CurrencyConverterRouter.swift in Sources */ = {isa = PBXBuildFile; fileRef = F67230FE244D64EA006B14BF /* CurrencyConverterRouter.swift */; };
		F6723105244D69C1006B14BF /* CurrencyConverterNetwrokManager.swift in Sources */ = {isa = PBXBuildFile; fileRef = F6723104244D69C1006B14BF /* CurrencyConverterNetwrokManager.swift */; };
		F6723107244D6A73006B14BF /* SupportedSymbolResponse.swift in Sources */ = {isa = PBXBuildFile; fileRef = F6723106244D6A73006B14BF /* SupportedSymbolResponse.swift */; };
		F6723109244D6A7A006B14BF /* RateResponse.swift in Sources */ = {isa = PBXBuildFile; fileRef = F6723108244D6A7A006B14BF /* RateResponse.swift */; };
		F672310D244DA591006B14BF /* RatesViewController.swift in Sources */ = {isa = PBXBuildFile; fileRef = F672310B244DA591006B14BF /* RatesViewController.swift */; };
		F672310E244DA591006B14BF /* RatesViewController.xib in Resources */ = {isa = PBXBuildFile; fileRef = F672310C244DA591006B14BF /* RatesViewController.xib */; };
		F6723113244DA978006B14BF /* RateTableViewCell.swift in Sources */ = {isa = PBXBuildFile; fileRef = F6723111244DA978006B14BF /* RateTableViewCell.swift */; };
		F6723114244DA978006B14BF /* RateTableViewCell.xib in Resources */ = {isa = PBXBuildFile; fileRef = F6723112244DA978006B14BF /* RateTableViewCell.xib */; };
		F6723117244DAAB4006B14BF /* BaseTableViewCell.swift in Sources */ = {isa = PBXBuildFile; fileRef = F6723116244DAAB4006B14BF /* BaseTableViewCell.swift */; };
		F6723119244DAAC2006B14BF /* BaseCellViewModel.swift in Sources */ = {isa = PBXBuildFile; fileRef = F6723118244DAAC2006B14BF /* BaseCellViewModel.swift */; };
		F672311C244DAB3C006B14BF /* NSObject+Extension.swift in Sources */ = {isa = PBXBuildFile; fileRef = F672311B244DAB3C006B14BF /* NSObject+Extension.swift */; };
		F672311E244DAC32006B14BF /* RateCellViewModel.swift in Sources */ = {isa = PBXBuildFile; fileRef = F672311D244DAC32006B14BF /* RateCellViewModel.swift */; };
		F6723121244DAEE3006B14BF /* CountryFlagHelper.swift in Sources */ = {isa = PBXBuildFile; fileRef = F6723120244DAEE3006B14BF /* CountryFlagHelper.swift */; };
		F6723123244DB13E006B14BF /* RatesViewModel.swift in Sources */ = {isa = PBXBuildFile; fileRef = F6723122244DB13E006B14BF /* RatesViewModel.swift */; };
		F672312F244DFDBF006B14BF /* SymbolsPickerViewModel.swift in Sources */ = {isa = PBXBuildFile; fileRef = F672312E244DFDBF006B14BF /* SymbolsPickerViewModel.swift */; };
		F6723138244DFE16006B14BF /* SymbolCellViewModel.swift in Sources */ = {isa = PBXBuildFile; fileRef = F6723137244DFE16006B14BF /* SymbolCellViewModel.swift */; };
		F672313B244DFE36006B14BF /* SymbolsPickerViewController.swift in Sources */ = {isa = PBXBuildFile; fileRef = F6723139244DFE36006B14BF /* SymbolsPickerViewController.swift */; };
		F672313C244DFE36006B14BF /* SymbolsPickerViewController.xib in Resources */ = {isa = PBXBuildFile; fileRef = F672313A244DFE36006B14BF /* SymbolsPickerViewController.xib */; };
		F6849A94244E4519004E5B7D /* SymbolTableViewCell.swift in Sources */ = {isa = PBXBuildFile; fileRef = F6849A92244E4519004E5B7D /* SymbolTableViewCell.swift */; };
		F6849A95244E4519004E5B7D /* SymbolTableViewCell.xib in Resources */ = {isa = PBXBuildFile; fileRef = F6849A93244E4519004E5B7D /* SymbolTableViewCell.xib */; };
		F6849AA0244E6381004E5B7D /* CalculatorViewController.swift in Sources */ = {isa = PBXBuildFile; fileRef = F6849A9E244E6381004E5B7D /* CalculatorViewController.swift */; };
		F6849AA1244E6381004E5B7D /* CalculatorViewController.xib in Resources */ = {isa = PBXBuildFile; fileRef = F6849A9F244E6381004E5B7D /* CalculatorViewController.xib */; };
		F6849AA3244E6393004E5B7D /* CalculatorViewModel.swift in Sources */ = {isa = PBXBuildFile; fileRef = F6849AA2244E6393004E5B7D /* CalculatorViewModel.swift */; };
		F6DFAB2F244D28E000E972E8 /* AppDelegate.swift in Sources */ = {isa = PBXBuildFile; fileRef = F6DFAB2E244D28E000E972E8 /* AppDelegate.swift */; };
		F6DFAB31244D28E000E972E8 /* SceneDelegate.swift in Sources */ = {isa = PBXBuildFile; fileRef = F6DFAB30244D28E000E972E8 /* SceneDelegate.swift */; };
		F6DFAB38244D28E100E972E8 /* Assets.xcassets in Resources */ = {isa = PBXBuildFile; fileRef = F6DFAB37244D28E100E972E8 /* Assets.xcassets */; };
		F6DFAB3B244D28E100E972E8 /* LaunchScreen.storyboard in Resources */ = {isa = PBXBuildFile; fileRef = F6DFAB39244D28E100E972E8 /* LaunchScreen.storyboard */; };
		F6DFAB4A244D2E7D00E972E8 /* BaseRouter.swift in Sources */ = {isa = PBXBuildFile; fileRef = F6DFAB49244D2E7D00E972E8 /* BaseRouter.swift */; };
		F6DFAB4C244D2E8600E972E8 /* BaseNetworkManager.swift in Sources */ = {isa = PBXBuildFile; fileRef = F6DFAB4B244D2E8600E972E8 /* BaseNetworkManager.swift */; };
/* End PBXBuildFile section */

/* Begin PBXFileReference section */
		16185759E639FF99CCCA44A7 /* Pods-CurrencyConverter.debug.xcconfig */ = {isa = PBXFileReference; includeInIndex = 1; lastKnownFileType = text.xcconfig; name = "Pods-CurrencyConverter.debug.xcconfig"; path = "Target Support Files/Pods-CurrencyConverter/Pods-CurrencyConverter.debug.xcconfig"; sourceTree = "<group>"; };
		540F21EFDDEC1DB261D71F0F /* Pods-CurrencyConverter.release.xcconfig */ = {isa = PBXFileReference; includeInIndex = 1; lastKnownFileType = text.xcconfig; name = "Pods-CurrencyConverter.release.xcconfig"; path = "Target Support Files/Pods-CurrencyConverter/Pods-CurrencyConverter.release.xcconfig"; sourceTree = "<group>"; };
		A88FE12966362BE2301C85CB /* Pods_CurrencyConverter.framework */ = {isa = PBXFileReference; explicitFileType = wrapper.framework; includeInIndex = 0; path = Pods_CurrencyConverter.framework; sourceTree = BUILT_PRODUCTS_DIR; };
		F6276CC9244E20E000CCAA62 /* Main.storyboard */ = {isa = PBXFileReference; lastKnownFileType = file.storyboard; path = Main.storyboard; sourceTree = "<group>"; };
		F67230E5244D2F85006B14BF /* EnviromentManager.swift */ = {isa = PBXFileReference; lastKnownFileType = sourcecode.swift; path = EnviromentManager.swift; sourceTree = "<group>"; };
		F67230E9244D505F006B14BF /* BaseViewController.swift */ = {isa = PBXFileReference; lastKnownFileType = sourcecode.swift; path = BaseViewController.swift; sourceTree = "<group>"; };
		F67230EB244D50E3006B14BF /* BaseViewModel.swift */ = {isa = PBXFileReference; lastKnownFileType = sourcecode.swift; path = BaseViewModel.swift; sourceTree = "<group>"; };
		F67230EF244D5163006B14BF /* SharedEnums.swift */ = {isa = PBXFileReference; lastKnownFileType = sourcecode.swift; path = SharedEnums.swift; sourceTree = "<group>"; };
		F67230F3244D597F006B14BF /* EmptyStateView.xib */ = {isa = PBXFileReference; fileEncoding = 4; lastKnownFileType = file.xib; path = EmptyStateView.xib; sourceTree = "<group>"; };
		F67230F4244D597F006B14BF /* EmptyStateView.swift */ = {isa = PBXFileReference; fileEncoding = 4; lastKnownFileType = sourcecode.swift; path = EmptyStateView.swift; sourceTree = "<group>"; };
		F67230F6244D597F006B14BF /* EmptyStateViewModel.swift */ = {isa = PBXFileReference; fileEncoding = 4; lastKnownFileType = sourcecode.swift; path = EmptyStateViewModel.swift; sourceTree = "<group>"; };
		F67230FE244D64EA006B14BF /* CurrencyConverterRouter.swift */ = {isa = PBXFileReference; lastKnownFileType = sourcecode.swift; path = CurrencyConverterRouter.swift; sourceTree = "<group>"; };
		F6723104244D69C1006B14BF /* CurrencyConverterNetwrokManager.swift */ = {isa = PBXFileReference; lastKnownFileType = sourcecode.swift; path = CurrencyConverterNetwrokManager.swift; sourceTree = "<group>"; };
		F6723106244D6A73006B14BF /* SupportedSymbolResponse.swift */ = {isa = PBXFileReference; lastKnownFileType = sourcecode.swift; path = SupportedSymbolResponse.swift; sourceTree = "<group>"; };
		F6723108244D6A7A006B14BF /* RateResponse.swift */ = {isa = PBXFileReference; lastKnownFileType = sourcecode.swift; path = RateResponse.swift; sourceTree = "<group>"; };
		F672310B244DA591006B14BF /* RatesViewController.swift */ = {isa = PBXFileReference; lastKnownFileType = sourcecode.swift; path = RatesViewController.swift; sourceTree = "<group>"; };
		F672310C244DA591006B14BF /* RatesViewController.xib */ = {isa = PBXFileReference; lastKnownFileType = file.xib; path = RatesViewController.xib; sourceTree = "<group>"; };
		F6723111244DA978006B14BF /* RateTableViewCell.swift */ = {isa = PBXFileReference; lastKnownFileType = sourcecode.swift; path = RateTableViewCell.swift; sourceTree = "<group>"; };
		F6723112244DA978006B14BF /* RateTableViewCell.xib */ = {isa = PBXFileReference; lastKnownFileType = file.xib; path = RateTableViewCell.xib; sourceTree = "<group>"; };
		F6723116244DAAB4006B14BF /* BaseTableViewCell.swift */ = {isa = PBXFileReference; lastKnownFileType = sourcecode.swift; path = BaseTableViewCell.swift; sourceTree = "<group>"; };
		F6723118244DAAC2006B14BF /* BaseCellViewModel.swift */ = {isa = PBXFileReference; lastKnownFileType = sourcecode.swift; path = BaseCellViewModel.swift; sourceTree = "<group>"; };
		F672311B244DAB3C006B14BF /* NSObject+Extension.swift */ = {isa = PBXFileReference; lastKnownFileType = sourcecode.swift; path = "NSObject+Extension.swift"; sourceTree = "<group>"; };
		F672311D244DAC32006B14BF /* RateCellViewModel.swift */ = {isa = PBXFileReference; lastKnownFileType = sourcecode.swift; path = RateCellViewModel.swift; sourceTree = "<group>"; };
		F6723120244DAEE3006B14BF /* CountryFlagHelper.swift */ = {isa = PBXFileReference; lastKnownFileType = sourcecode.swift; path = CountryFlagHelper.swift; sourceTree = "<group>"; };
		F6723122244DB13E006B14BF /* RatesViewModel.swift */ = {isa = PBXFileReference; lastKnownFileType = sourcecode.swift; path = RatesViewModel.swift; sourceTree = "<group>"; };
		F672312E244DFDBF006B14BF /* SymbolsPickerViewModel.swift */ = {isa = PBXFileReference; lastKnownFileType = sourcecode.swift; path = SymbolsPickerViewModel.swift; sourceTree = "<group>"; };
		F6723137244DFE16006B14BF /* SymbolCellViewModel.swift */ = {isa = PBXFileReference; lastKnownFileType = sourcecode.swift; path = SymbolCellViewModel.swift; sourceTree = "<group>"; };
		F6723139244DFE36006B14BF /* SymbolsPickerViewController.swift */ = {isa = PBXFileReference; lastKnownFileType = sourcecode.swift; path = SymbolsPickerViewController.swift; sourceTree = "<group>"; };
		F672313A244DFE36006B14BF /* SymbolsPickerViewController.xib */ = {isa = PBXFileReference; lastKnownFileType = file.xib; path = SymbolsPickerViewController.xib; sourceTree = "<group>"; };
		F6849A92244E4519004E5B7D /* SymbolTableViewCell.swift */ = {isa = PBXFileReference; lastKnownFileType = sourcecode.swift; path = SymbolTableViewCell.swift; sourceTree = "<group>"; };
		F6849A93244E4519004E5B7D /* SymbolTableViewCell.xib */ = {isa = PBXFileReference; lastKnownFileType = file.xib; path = SymbolTableViewCell.xib; sourceTree = "<group>"; };
		F6849A9E244E6381004E5B7D /* CalculatorViewController.swift */ = {isa = PBXFileReference; lastKnownFileType = sourcecode.swift; path = CalculatorViewController.swift; sourceTree = "<group>"; };
		F6849A9F244E6381004E5B7D /* CalculatorViewController.xib */ = {isa = PBXFileReference; lastKnownFileType = file.xib; path = CalculatorViewController.xib; sourceTree = "<group>"; };
		F6849AA2244E6393004E5B7D /* CalculatorViewModel.swift */ = {isa = PBXFileReference; lastKnownFileType = sourcecode.swift; path = CalculatorViewModel.swift; sourceTree = "<group>"; };
		F6B4727B244F1E480056B2C7 /* Fibonacci.playground */ = {isa = PBXFileReference; lastKnownFileType = file.playground; path = Fibonacci.playground; sourceTree = "<group>"; xcLanguageSpecificationIdentifier = xcode.lang.swift; };
		F6B4727C244F24590056B2C7 /* AnagramChecker.playground */ = {isa = PBXFileReference; lastKnownFileType = file.playground; path = AnagramChecker.playground; sourceTree = "<group>"; xcLanguageSpecificationIdentifier = xcode.lang.swift; };
		F6DFAB2B244D28E000E972E8 /* CurrencyConverter.app */ = {isa = PBXFileReference; explicitFileType = wrapper.application; includeInIndex = 0; path = CurrencyConverter.app; sourceTree = BUILT_PRODUCTS_DIR; };
		F6DFAB2E244D28E000E972E8 /* AppDelegate.swift */ = {isa = PBXFileReference; lastKnownFileType = sourcecode.swift; path = AppDelegate.swift; sourceTree = "<group>"; };
		F6DFAB30244D28E000E972E8 /* SceneDelegate.swift */ = {isa = PBXFileReference; lastKnownFileType = sourcecode.swift; path = SceneDelegate.swift; sourceTree = "<group>"; };
		F6DFAB37244D28E100E972E8 /* Assets.xcassets */ = {isa = PBXFileReference; lastKnownFileType = folder.assetcatalog; path = Assets.xcassets; sourceTree = "<group>"; };
		F6DFAB3A244D28E100E972E8 /* Base */ = {isa = PBXFileReference; lastKnownFileType = file.storyboard; name = Base; path = Base.lproj/LaunchScreen.storyboard; sourceTree = "<group>"; };
		F6DFAB3C244D28E100E972E8 /* Info.plist */ = {isa = PBXFileReference; lastKnownFileType = text.plist.xml; path = Info.plist; sourceTree = "<group>"; };
		F6DFAB49244D2E7D00E972E8 /* BaseRouter.swift */ = {isa = PBXFileReference; lastKnownFileType = sourcecode.swift; path = BaseRouter.swift; sourceTree = "<group>"; };
		F6DFAB4B244D2E8600E972E8 /* BaseNetworkManager.swift */ = {isa = PBXFileReference; lastKnownFileType = sourcecode.swift; path = BaseNetworkManager.swift; sourceTree = "<group>"; };
/* End PBXFileReference section */

/* Begin PBXFrameworksBuildPhase section */
		F6DFAB28244D28E000E972E8 /* Frameworks */ = {
			isa = PBXFrameworksBuildPhase;
			buildActionMask = 2147483647;
			files = (
				2D7701F51F752C0A666C0351 /* Pods_CurrencyConverter.framework in Frameworks */,
			);
			runOnlyForDeploymentPostprocessing = 0;
		};
/* End PBXFrameworksBuildPhase section */

/* Begin PBXGroup section */
		BF4B8B28F135D51D310B65F7 /* Frameworks */ = {
			isa = PBXGroup;
			children = (
				A88FE12966362BE2301C85CB /* Pods_CurrencyConverter.framework */,
			);
			name = Frameworks;
			sourceTree = "<group>";
		};
		EA97E5716BE933F0ACC55830 /* Pods */ = {
			isa = PBXGroup;
			children = (
				16185759E639FF99CCCA44A7 /* Pods-CurrencyConverter.debug.xcconfig */,
				540F21EFDDEC1DB261D71F0F /* Pods-CurrencyConverter.release.xcconfig */,
			);
			path = Pods;
			sourceTree = "<group>";
		};
		F67230E4244D2F73006B14BF /* Helpers */ = {
			isa = PBXGroup;
			children = (
				F672311F244DAEC9006B14BF /* CountryFlagHelper */,
				F672311A244DAB2C006B14BF /* Extensions */,
				F67230F1244D517E006B14BF /* EmptyState */,
				F67230EE244D514A006B14BF /* Enums */,
				F67230ED244D513D006B14BF /* EnviromentManager */,
			);
			path = Helpers;
			sourceTree = "<group>";
		};
		F67230ED244D513D006B14BF /* EnviromentManager */ = {
			isa = PBXGroup;
			children = (
				F67230E5244D2F85006B14BF /* EnviromentManager.swift */,
			);
			path = EnviromentManager;
			sourceTree = "<group>";
		};
		F67230EE244D514A006B14BF /* Enums */ = {
			isa = PBXGroup;
			children = (
				F67230EF244D5163006B14BF /* SharedEnums.swift */,
			);
			path = Enums;
			sourceTree = "<group>";
		};
		F67230F1244D517E006B14BF /* EmptyState */ = {
			isa = PBXGroup;
			children = (
				F67230F2244D597F006B14BF /* EmptyStateView */,
				F67230F5244D597F006B14BF /* EmptyStateViewModel */,
			);
			path = EmptyState;
			sourceTree = "<group>";
		};
		F67230F2244D597F006B14BF /* EmptyStateView */ = {
			isa = PBXGroup;
			children = (
				F67230F3244D597F006B14BF /* EmptyStateView.xib */,
				F67230F4244D597F006B14BF /* EmptyStateView.swift */,
			);
			path = EmptyStateView;
			sourceTree = "<group>";
		};
		F67230F5244D597F006B14BF /* EmptyStateViewModel */ = {
			isa = PBXGroup;
			children = (
				F67230F6244D597F006B14BF /* EmptyStateViewModel.swift */,
			);
			path = EmptyStateViewModel;
			sourceTree = "<group>";
		};
		F67230FD244D649D006B14BF /* CurrencyConverterRouter */ = {
			isa = PBXGroup;
			children = (
				F67230FE244D64EA006B14BF /* CurrencyConverterRouter.swift */,
			);
			path = CurrencyConverterRouter;
			sourceTree = "<group>";
		};
		F6723103244D69AC006B14BF /* CurrencyConverterNetwrokManager */ = {
			isa = PBXGroup;
			children = (
				F6723104244D69C1006B14BF /* CurrencyConverterNetwrokManager.swift */,
			);
			path = CurrencyConverterNetwrokManager;
			sourceTree = "<group>";
		};
		F672310A244DA564006B14BF /* LatestRates */ = {
			isa = PBXGroup;
			children = (
				F672310B244DA591006B14BF /* RatesViewController.swift */,
				F672310C244DA591006B14BF /* RatesViewController.xib */,
			);
			path = LatestRates;
			sourceTree = "<group>";
		};
		F6723110244DA87E006B14BF /* RateTablViewCell */ = {
			isa = PBXGroup;
			children = (
				F6723111244DA978006B14BF /* RateTableViewCell.swift */,
				F6723112244DA978006B14BF /* RateTableViewCell.xib */,
			);
			path = RateTablViewCell;
			sourceTree = "<group>";
		};
		F672311A244DAB2C006B14BF /* Extensions */ = {
			isa = PBXGroup;
			children = (
				F672311B244DAB3C006B14BF /* NSObject+Extension.swift */,
			);
			path = Extensions;
			sourceTree = "<group>";
		};
		F672311F244DAEC9006B14BF /* CountryFlagHelper */ = {
			isa = PBXGroup;
			children = (
				F6723120244DAEE3006B14BF /* CountryFlagHelper.swift */,
			);
			path = CountryFlagHelper;
			sourceTree = "<group>";
		};
		F6723124244DDC13006B14BF /* SymbolsPicker */ = {
			isa = PBXGroup;
			children = (
				F6723139244DFE36006B14BF /* SymbolsPickerViewController.swift */,
				F672313A244DFE36006B14BF /* SymbolsPickerViewController.xib */,
			);
			path = SymbolsPicker;
			sourceTree = "<group>";
		};
		F672312C244DDC45006B14BF /* Cells  */ = {
			isa = PBXGroup;
			children = (
				F6723132244DFDF3006B14BF /* CurrencyTableViewCell */,
				F6723110244DA87E006B14BF /* RateTablViewCell */,
			);
			path = "Cells ";
			sourceTree = "<group>";
		};
		F6723132244DFDF3006B14BF /* CurrencyTableViewCell */ = {
			isa = PBXGroup;
			children = (
				F6849A92244E4519004E5B7D /* SymbolTableViewCell.swift */,
				F6849A93244E4519004E5B7D /* SymbolTableViewCell.xib */,
			);
			path = CurrencyTableViewCell;
			sourceTree = "<group>";
		};
		F6849A98244E627E004E5B7D /* ViewModel Layer */ = {
			isa = PBXGroup;
			children = (
				F6849A9B244E629A004E5B7D /* Base */,
				F6849A99244E628B004E5B7D /* CellViewModel */,
				F6849A9A244E6294004E5B7D /* View Models */,
			);
			path = "ViewModel Layer";
			sourceTree = "<group>";
		};
		F6849A99244E628B004E5B7D /* CellViewModel */ = {
			isa = PBXGroup;
			children = (
				F6723137244DFE16006B14BF /* SymbolCellViewModel.swift */,
				F672311D244DAC32006B14BF /* RateCellViewModel.swift */,
			);
			path = CellViewModel;
			sourceTree = "<group>";
		};
		F6849A9A244E6294004E5B7D /* View Models */ = {
			isa = PBXGroup;
			children = (
				F6723122244DB13E006B14BF /* RatesViewModel.swift */,
				F672312E244DFDBF006B14BF /* SymbolsPickerViewModel.swift */,
				F6849AA2244E6393004E5B7D /* CalculatorViewModel.swift */,
			);
			path = "View Models";
			sourceTree = "<group>";
		};
		F6849A9B244E629A004E5B7D /* Base */ = {
			isa = PBXGroup;
			children = (
				F67230EB244D50E3006B14BF /* BaseViewModel.swift */,
				F6723118244DAAC2006B14BF /* BaseCellViewModel.swift */,
			);
			path = Base;
			sourceTree = "<group>";
		};
		F6849A9D244E6339004E5B7D /* Calculator */ = {
			isa = PBXGroup;
			children = (
				F6849A9E244E6381004E5B7D /* CalculatorViewController.swift */,
				F6849A9F244E6381004E5B7D /* CalculatorViewController.xib */,
			);
			path = Calculator;
			sourceTree = "<group>";
		};
		F6849AA9244E8630004E5B7D /* ViewControllers */ = {
			isa = PBXGroup;
			children = (
				F6849A9D244E6339004E5B7D /* Calculator */,
				F6723124244DDC13006B14BF /* SymbolsPicker */,
				F672310A244DA564006B14BF /* LatestRates */,
			);
			path = ViewControllers;
			sourceTree = "<group>";
		};
		F6B4727A244F1E3A0056B2C7 /* Playgrounds */ = {
			isa = PBXGroup;
			children = (
				F6B4727B244F1E480056B2C7 /* Fibonacci.playground */,
				F6B4727C244F24590056B2C7 /* AnagramChecker.playground */,
			);
			path = Playgrounds;
			sourceTree = "<group>";
		};
		F6DFAB22244D28E000E972E8 = {
			isa = PBXGroup;
			children = (
				F6DFAB2D244D28E000E972E8 /* CurrencyConverter */,
				F6DFAB2C244D28E000E972E8 /* Products */,
				EA97E5716BE933F0ACC55830 /* Pods */,
				BF4B8B28F135D51D310B65F7 /* Frameworks */,
			);
			sourceTree = "<group>";
		};
		F6DFAB2C244D28E000E972E8 /* Products */ = {
			isa = PBXGroup;
			children = (
				F6DFAB2B244D28E000E972E8 /* CurrencyConverter.app */,
			);
			name = Products;
			sourceTree = "<group>";
		};
		F6DFAB2D244D28E000E972E8 /* CurrencyConverter */ = {
			isa = PBXGroup;
			children = (
				F6B4727A244F1E3A0056B2C7 /* Playgrounds */,
				F67230E4244D2F73006B14BF /* Helpers */,
				F6DFAB43244D2DB100E972E8 /*  Model Layer */,
				F6849A98244E627E004E5B7D /* ViewModel Layer */,
				F6DFAB44244D2DC000E972E8 /* View Layer */,
				F6DFAB2E244D28E000E972E8 /* AppDelegate.swift */,
				F6DFAB30244D28E000E972E8 /* SceneDelegate.swift */,
				F6DFAB37244D28E100E972E8 /* Assets.xcassets */,
				F6DFAB39244D28E100E972E8 /* LaunchScreen.storyboard */,
				F6DFAB3C244D28E100E972E8 /* Info.plist */,
				F6276CC9244E20E000CCAA62 /* Main.storyboard */,
			);
			path = CurrencyConverter;
			sourceTree = "<group>";
		};
		F6DFAB42244D2DA200E972E8 /* Base */ = {
			isa = PBXGroup;
			children = (
				F67230E9244D505F006B14BF /* BaseViewController.swift */,
				F6723116244DAAB4006B14BF /* BaseTableViewCell.swift */,
			);
			path = Base;
			sourceTree = "<group>";
		};
		F6DFAB43244D2DB100E972E8 /*  Model Layer */ = {
			isa = PBXGroup;
			children = (
				F6DFAB48244D2E0B00E972E8 /* Router */,
				F6DFAB47244D2E0000E972E8 /* Managers */,
				F6DFAB46244D2DF600E972E8 /* Models */,
			);
			path = " Model Layer";
			sourceTree = "<group>";
		};
		F6DFAB44244D2DC000E972E8 /* View Layer */ = {
			isa = PBXGroup;
			children = (
				F6849AA9244E8630004E5B7D /* ViewControllers */,
				F6DFAB42244D2DA200E972E8 /* Base */,
				F672312C244DDC45006B14BF /* Cells  */,
			);
			path = "View Layer";
			sourceTree = "<group>";
		};
		F6DFAB46244D2DF600E972E8 /* Models */ = {
			isa = PBXGroup;
			children = (
				F6723106244D6A73006B14BF /* SupportedSymbolResponse.swift */,
				F6723108244D6A7A006B14BF /* RateResponse.swift */,
			);
			path = Models;
			sourceTree = "<group>";
		};
		F6DFAB47244D2E0000E972E8 /* Managers */ = {
			isa = PBXGroup;
			children = (
				F6723103244D69AC006B14BF /* CurrencyConverterNetwrokManager */,
				F6DFAB4B244D2E8600E972E8 /* BaseNetworkManager.swift */,
			);
			path = Managers;
			sourceTree = "<group>";
		};
		F6DFAB48244D2E0B00E972E8 /* Router */ = {
			isa = PBXGroup;
			children = (
				F6DFAB49244D2E7D00E972E8 /* BaseRouter.swift */,
				F67230FD244D649D006B14BF /* CurrencyConverterRouter */,
			);
			path = Router;
			sourceTree = "<group>";
		};
/* End PBXGroup section */

/* Begin PBXNativeTarget section */
		F6DFAB2A244D28E000E972E8 /* CurrencyConverter */ = {
			isa = PBXNativeTarget;
			buildConfigurationList = F6DFAB3F244D28E100E972E8 /* Build configuration list for PBXNativeTarget "CurrencyConverter" */;
			buildPhases = (
				ACD110D1D181A11A5F634203 /* [CP] Check Pods Manifest.lock */,
				F6DFAB27244D28E000E972E8 /* Sources */,
				F6DFAB28244D28E000E972E8 /* Frameworks */,
				F6DFAB29244D28E000E972E8 /* Resources */,
				B9B4BDBA67DB5DC871B8A343 /* [CP] Embed Pods Frameworks */,
			);
			buildRules = (
			);
			dependencies = (
			);
			name = CurrencyConverter;
			productName = CurrencyConverter;
			productReference = F6DFAB2B244D28E000E972E8 /* CurrencyConverter.app */;
			productType = "com.apple.product-type.application";
		};
/* End PBXNativeTarget section */

/* Begin PBXProject section */
		F6DFAB23244D28E000E972E8 /* Project object */ = {
			isa = PBXProject;
			attributes = {
				LastSwiftUpdateCheck = 1130;
				LastUpgradeCheck = 1130;
				ORGANIZATIONNAME = "Mohamed Abd el-latef";
				TargetAttributes = {
					F6DFAB2A244D28E000E972E8 = {
						CreatedOnToolsVersion = 11.3;
					};
				};
			};
			buildConfigurationList = F6DFAB26244D28E000E972E8 /* Build configuration list for PBXProject "CurrencyConverter" */;
			compatibilityVersion = "Xcode 9.3";
			developmentRegion = en;
			hasScannedForEncodings = 0;
			knownRegions = (
				en,
				Base,
			);
			mainGroup = F6DFAB22244D28E000E972E8;
			productRefGroup = F6DFAB2C244D28E000E972E8 /* Products */;
			projectDirPath = "";
			projectRoot = "";
			targets = (
				F6DFAB2A244D28E000E972E8 /* CurrencyConverter */,
			);
		};
/* End PBXProject section */

/* Begin PBXResourcesBuildPhase section */
		F6DFAB29244D28E000E972E8 /* Resources */ = {
			isa = PBXResourcesBuildPhase;
			buildActionMask = 2147483647;
			files = (
				F67230F7244D597F006B14BF /* EmptyStateView.xib in Resources */,
				F6849AA1244E6381004E5B7D /* CalculatorViewController.xib in Resources */,
				F6849A95244E4519004E5B7D /* SymbolTableViewCell.xib in Resources */,
				F6723114244DA978006B14BF /* RateTableViewCell.xib in Resources */,
				F6276CCA244E20E000CCAA62 /* Main.storyboard in Resources */,
				F6DFAB3B244D28E100E972E8 /* LaunchScreen.storyboard in Resources */,
				F672310E244DA591006B14BF /* RatesViewController.xib in Resources */,
				F672313C244DFE36006B14BF /* SymbolsPickerViewController.xib in Resources */,
				F6DFAB38244D28E100E972E8 /* Assets.xcassets in Resources */,
			);
			runOnlyForDeploymentPostprocessing = 0;
		};
/* End PBXResourcesBuildPhase section */

/* Begin PBXShellScriptBuildPhase section */
		ACD110D1D181A11A5F634203 /* [CP] Check Pods Manifest.lock */ = {
			isa = PBXShellScriptBuildPhase;
			buildActionMask = 2147483647;
			files = (
			);
			inputFileListPaths = (
			);
			inputPaths = (
				"${PODS_PODFILE_DIR_PATH}/Podfile.lock",
				"${PODS_ROOT}/Manifest.lock",
			);
			name = "[CP] Check Pods Manifest.lock";
			outputFileListPaths = (
			);
			outputPaths = (
				"$(DERIVED_FILE_DIR)/Pods-CurrencyConverter-checkManifestLockResult.txt",
			);
			runOnlyForDeploymentPostprocessing = 0;
			shellPath = /bin/sh;
			shellScript = "diff \"${PODS_PODFILE_DIR_PATH}/Podfile.lock\" \"${PODS_ROOT}/Manifest.lock\" > /dev/null\nif [ $? != 0 ] ; then\n    # print error to STDERR\n    echo \"error: The sandbox is not in sync with the Podfile.lock. Run 'pod install' or update your CocoaPods installation.\" >&2\n    exit 1\nfi\n# This output is used by Xcode 'outputs' to avoid re-running this script phase.\necho \"SUCCESS\" > \"${SCRIPT_OUTPUT_FILE_0}\"\n";
			showEnvVarsInLog = 0;
		};
		B9B4BDBA67DB5DC871B8A343 /* [CP] Embed Pods Frameworks */ = {
			isa = PBXShellScriptBuildPhase;
			buildActionMask = 2147483647;
			files = (
			);
			inputFileListPaths = (
				"${PODS_ROOT}/Target Support Files/Pods-CurrencyConverter/Pods-CurrencyConverter-frameworks-${CONFIGURATION}-input-files.xcfilelist",
			);
			name = "[CP] Embed Pods Frameworks";
			outputFileListPaths = (
				"${PODS_ROOT}/Target Support Files/Pods-CurrencyConverter/Pods-CurrencyConverter-frameworks-${CONFIGURATION}-output-files.xcfilelist",
			);
			runOnlyForDeploymentPostprocessing = 0;
			shellPath = /bin/sh;
			shellScript = "\"${PODS_ROOT}/Target Support Files/Pods-CurrencyConverter/Pods-CurrencyConverter-frameworks.sh\"\n";
			showEnvVarsInLog = 0;
		};
/* End PBXShellScriptBuildPhase section */

/* Begin PBXSourcesBuildPhase section */
		F6DFAB27244D28E000E972E8 /* Sources */ = {
			isa = PBXSourcesBuildPhase;
			buildActionMask = 2147483647;
			files = (
				F672313B244DFE36006B14BF /* SymbolsPickerViewController.swift in Sources */,
				F67230F9244D597F006B14BF /* EmptyStateViewModel.swift in Sources */,
				F67230F8244D597F006B14BF /* EmptyStateView.swift in Sources */,
				F672310D244DA591006B14BF /* RatesViewController.swift in Sources */,
				F6723113244DA978006B14BF /* RateTableViewCell.swift in Sources */,
				F6723117244DAAB4006B14BF /* BaseTableViewCell.swift in Sources */,
				F6DFAB2F244D28E000E972E8 /* AppDelegate.swift in Sources */,
				F6723109244D6A7A006B14BF /* RateResponse.swift in Sources */,
				F6DFAB4A244D2E7D00E972E8 /* BaseRouter.swift in Sources */,
				F67230FF244D64EA006B14BF /* CurrencyConverterRouter.swift in Sources */,
				F6723105244D69C1006B14BF /* CurrencyConverterNetwrokManager.swift in Sources */,
				F672312F244DFDBF006B14BF /* SymbolsPickerViewModel.swift in Sources */,
				F6DFAB31244D28E000E972E8 /* SceneDelegate.swift in Sources */,
				F6723121244DAEE3006B14BF /* CountryFlagHelper.swift in Sources */,
				F6849AA3244E6393004E5B7D /* CalculatorViewModel.swift in Sources */,
				F6723119244DAAC2006B14BF /* BaseCellViewModel.swift in Sources */,
				F67230F0244D5163006B14BF /* SharedEnums.swift in Sources */,
				F67230EC244D50E3006B14BF /* BaseViewModel.swift in Sources */,
				F6723138244DFE16006B14BF /* SymbolCellViewModel.swift in Sources */,
				F6849A94244E4519004E5B7D /* SymbolTableViewCell.swift in Sources */,
				F672311C244DAB3C006B14BF /* NSObject+Extension.swift in Sources */,
				F67230E6244D2F85006B14BF /* EnviromentManager.swift in Sources */,
				F6723107244D6A73006B14BF /* SupportedSymbolResponse.swift in Sources */,
				F672311E244DAC32006B14BF /* RateCellViewModel.swift in Sources */,
				F6DFAB4C244D2E8600E972E8 /* BaseNetworkManager.swift in Sources */,
				F6723123244DB13E006B14BF /* RatesViewModel.swift in Sources */,
				F6849AA0244E6381004E5B7D /* CalculatorViewController.swift in Sources */,
				F67230EA244D505F006B14BF /* BaseViewController.swift in Sources */,
			);
			runOnlyForDeploymentPostprocessing = 0;
		};
/* End PBXSourcesBuildPhase section */

/* Begin PBXVariantGroup section */
		F6DFAB39244D28E100E972E8 /* LaunchScreen.storyboard */ = {
			isa = PBXVariantGroup;
			children = (
				F6DFAB3A244D28E100E972E8 /* Base */,
			);
			name = LaunchScreen.storyboard;
			sourceTree = "<group>";
		};
/* End PBXVariantGroup section */

/* Begin XCBuildConfiguration section */
		F6DFAB3D244D28E100E972E8 /* Debug */ = {
			isa = XCBuildConfiguration;
			buildSettings = {
				ALWAYS_SEARCH_USER_PATHS = NO;
				CLANG_ANALYZER_NONNULL = YES;
				CLANG_ANALYZER_NUMBER_OBJECT_CONVERSION = YES_AGGRESSIVE;
				CLANG_CXX_LANGUAGE_STANDARD = "gnu++14";
				CLANG_CXX_LIBRARY = "libc++";
				CLANG_ENABLE_MODULES = YES;
				CLANG_ENABLE_OBJC_ARC = YES;
				CLANG_ENABLE_OBJC_WEAK = YES;
				CLANG_WARN_BLOCK_CAPTURE_AUTORELEASING = YES;
				CLANG_WARN_BOOL_CONVERSION = YES;
				CLANG_WARN_COMMA = YES;
				CLANG_WARN_CONSTANT_CONVERSION = YES;
				CLANG_WARN_DEPRECATED_OBJC_IMPLEMENTATIONS = YES;
				CLANG_WARN_DIRECT_OBJC_ISA_USAGE = YES_ERROR;
				CLANG_WARN_DOCUMENTATION_COMMENTS = YES;
				CLANG_WARN_EMPTY_BODY = YES;
				CLANG_WARN_ENUM_CONVERSION = YES;
				CLANG_WARN_INFINITE_RECURSION = YES;
				CLANG_WARN_INT_CONVERSION = YES;
				CLANG_WARN_NON_LITERAL_NULL_CONVERSION = YES;
				CLANG_WARN_OBJC_IMPLICIT_RETAIN_SELF = YES;
				CLANG_WARN_OBJC_LITERAL_CONVERSION = YES;
				CLANG_WARN_OBJC_ROOT_CLASS = YES_ERROR;
				CLANG_WARN_RANGE_LOOP_ANALYSIS = YES;
				CLANG_WARN_STRICT_PROTOTYPES = YES;
				CLANG_WARN_SUSPICIOUS_MOVE = YES;
				CLANG_WARN_UNGUARDED_AVAILABILITY = YES_AGGRESSIVE;
				CLANG_WARN_UNREACHABLE_CODE = YES;
				CLANG_WARN__DUPLICATE_METHOD_MATCH = YES;
				COPY_PHASE_STRIP = NO;
				DEBUG_INFORMATION_FORMAT = dwarf;
				ENABLE_STRICT_OBJC_MSGSEND = YES;
				ENABLE_TESTABILITY = YES;
				GCC_C_LANGUAGE_STANDARD = gnu11;
				GCC_DYNAMIC_NO_PIC = NO;
				GCC_NO_COMMON_BLOCKS = YES;
				GCC_OPTIMIZATION_LEVEL = 0;
				GCC_PREPROCESSOR_DEFINITIONS = (
					"DEBUG=1",
					"$(inherited)",
				);
				GCC_WARN_64_TO_32_BIT_CONVERSION = YES;
				GCC_WARN_ABOUT_RETURN_TYPE = YES_ERROR;
				GCC_WARN_UNDECLARED_SELECTOR = YES;
				GCC_WARN_UNINITIALIZED_AUTOS = YES_AGGRESSIVE;
				GCC_WARN_UNUSED_FUNCTION = YES;
				GCC_WARN_UNUSED_VARIABLE = YES;
				IPHONEOS_DEPLOYMENT_TARGET = 13.2;
				MTL_ENABLE_DEBUG_INFO = INCLUDE_SOURCE;
				MTL_FAST_MATH = YES;
				ONLY_ACTIVE_ARCH = YES;
				SDKROOT = iphoneos;
				SWIFT_ACTIVE_COMPILATION_CONDITIONS = DEBUG;
				SWIFT_OPTIMIZATION_LEVEL = "-Onone";
			};
			name = Debug;
		};
		F6DFAB3E244D28E100E972E8 /* Release */ = {
			isa = XCBuildConfiguration;
			buildSettings = {
				ALWAYS_SEARCH_USER_PATHS = NO;
				CLANG_ANALYZER_NONNULL = YES;
				CLANG_ANALYZER_NUMBER_OBJECT_CONVERSION = YES_AGGRESSIVE;
				CLANG_CXX_LANGUAGE_STANDARD = "gnu++14";
				CLANG_CXX_LIBRARY = "libc++";
				CLANG_ENABLE_MODULES = YES;
				CLANG_ENABLE_OBJC_ARC = YES;
				CLANG_ENABLE_OBJC_WEAK = YES;
				CLANG_WARN_BLOCK_CAPTURE_AUTORELEASING = YES;
				CLANG_WARN_BOOL_CONVERSION = YES;
				CLANG_WARN_COMMA = YES;
				CLANG_WARN_CONSTANT_CONVERSION = YES;
				CLANG_WARN_DEPRECATED_OBJC_IMPLEMENTATIONS = YES;
				CLANG_WARN_DIRECT_OBJC_ISA_USAGE = YES_ERROR;
				CLANG_WARN_DOCUMENTATION_COMMENTS = YES;
				CLANG_WARN_EMPTY_BODY = YES;
				CLANG_WARN_ENUM_CONVERSION = YES;
				CLANG_WARN_INFINITE_RECURSION = YES;
				CLANG_WARN_INT_CONVERSION = YES;
				CLANG_WARN_NON_LITERAL_NULL_CONVERSION = YES;
				CLANG_WARN_OBJC_IMPLICIT_RETAIN_SELF = YES;
				CLANG_WARN_OBJC_LITERAL_CONVERSION = YES;
				CLANG_WARN_OBJC_ROOT_CLASS = YES_ERROR;
				CLANG_WARN_RANGE_LOOP_ANALYSIS = YES;
				CLANG_WARN_STRICT_PROTOTYPES = YES;
				CLANG_WARN_SUSPICIOUS_MOVE = YES;
				CLANG_WARN_UNGUARDED_AVAILABILITY = YES_AGGRESSIVE;
				CLANG_WARN_UNREACHABLE_CODE = YES;
				CLANG_WARN__DUPLICATE_METHOD_MATCH = YES;
				COPY_PHASE_STRIP = NO;
				DEBUG_INFORMATION_FORMAT = "dwarf-with-dsym";
				ENABLE_NS_ASSERTIONS = NO;
				ENABLE_STRICT_OBJC_MSGSEND = YES;
				GCC_C_LANGUAGE_STANDARD = gnu11;
				GCC_NO_COMMON_BLOCKS = YES;
				GCC_WARN_64_TO_32_BIT_CONVERSION = YES;
				GCC_WARN_ABOUT_RETURN_TYPE = YES_ERROR;
				GCC_WARN_UNDECLARED_SELECTOR = YES;
				GCC_WARN_UNINITIALIZED_AUTOS = YES_AGGRESSIVE;
				GCC_WARN_UNUSED_FUNCTION = YES;
				GCC_WARN_UNUSED_VARIABLE = YES;
				IPHONEOS_DEPLOYMENT_TARGET = 13.2;
				MTL_ENABLE_DEBUG_INFO = NO;
				MTL_FAST_MATH = YES;
				SDKROOT = iphoneos;
				SWIFT_COMPILATION_MODE = wholemodule;
				SWIFT_OPTIMIZATION_LEVEL = "-O";
				VALIDATE_PRODUCT = YES;
			};
			name = Release;
		};
		F6DFAB40244D28E100E972E8 /* Debug */ = {
			isa = XCBuildConfiguration;
			baseConfigurationReference = 16185759E639FF99CCCA44A7 /* Pods-CurrencyConverter.debug.xcconfig */;
			buildSettings = {
				ASSETCATALOG_COMPILER_APPICON_NAME = AppIcon;
				CODE_SIGN_STYLE = Automatic;
				INFOPLIST_FILE = CurrencyConverter/Info.plist;
				LD_RUNPATH_SEARCH_PATHS = (
					"$(inherited)",
					"@executable_path/Frameworks",
				);
				PRODUCT_BUNDLE_IDENTIFIER = Swenson.CurrencyConverter;
				PRODUCT_NAME = "$(TARGET_NAME)";
				SWIFT_VERSION = 5.0;
				TARGETED_DEVICE_FAMILY = "1,2";
			};
			name = Debug;
		};
		F6DFAB41244D28E100E972E8 /* Release */ = {
			isa = XCBuildConfiguration;
			baseConfigurationReference = 540F21EFDDEC1DB261D71F0F /* Pods-CurrencyConverter.release.xcconfig */;
			buildSettings = {
				ASSETCATALOG_COMPILER_APPICON_NAME = AppIcon;
				CODE_SIGN_STYLE = Automatic;
				INFOPLIST_FILE = CurrencyConverter/Info.plist;
				LD_RUNPATH_SEARCH_PATHS = (
					"$(inherited)",
					"@executable_path/Frameworks",
				);
				PRODUCT_BUNDLE_IDENTIFIER = Swenson.CurrencyConverter;
				PRODUCT_NAME = "$(TARGET_NAME)";
				SWIFT_VERSION = 5.0;
				TARGETED_DEVICE_FAMILY = "1,2";
			};
			name = Release;
		};
/* End XCBuildConfiguration section */

/* Begin XCConfigurationList section */
		F6DFAB26244D28E000E972E8 /* Build configuration list for PBXProject "CurrencyConverter" */ = {
			isa = XCConfigurationList;
			buildConfigurations = (
				F6DFAB3D244D28E100E972E8 /* Debug */,
				F6DFAB3E244D28E100E972E8 /* Release */,
			);
			defaultConfigurationIsVisible = 0;
			defaultConfigurationName = Release;
		};
		F6DFAB3F244D28E100E972E8 /* Build configuration list for PBXNativeTarget "CurrencyConverter" */ = {
			isa = XCConfigurationList;
			buildConfigurations = (
				F6DFAB40244D28E100E972E8 /* Debug */,
				F6DFAB41244D28E100E972E8 /* Release */,
			);
			defaultConfigurationIsVisible = 0;
			defaultConfigurationName = Release;
		};
/* End XCConfigurationList section */
	};
	rootObject = F6DFAB23244D28E000E972E8 /* Project object */;
}
